
Microsoft Visual Studio Solution File, Format Version 12.00
# Visual Studio Version 17
VisualStudioVersion = 17.10.35027.167
MinimumVisualStudioVersion = 10.0.40219.1
Project("{FAE04EC0-301F-11D3-BF4B-00C04F79EFBC}") = "tenisApp", "tenis\tenisApp.csproj", "{2752BFF5-8E64-4241-A04E-50594B86BD2F}"
EndProject
Project("{FAE04EC0-301F-11D3-BF4B-00C04F79EFBC}") = "tennis", "tennis\tennis.csproj", "{18031DD7-7EC7-4695-BEA8-D924D9F9EC8B}"
EndProject
Global
	GlobalSection(SolutionConfigurationPlatforms) = preSolution
		Debug|Any CPU = Debug|Any CPU
		Release|Any CPU = Release|Any CPU
	EndGlobalSection
	GlobalSection(ProjectConfigurationPlatforms) = postSolution
		{2752BFF5-8E64-4241-A04E-50594B86BD2F}.Debug|Any CPU.ActiveCfg = Debug|Any CPU
		{2752BFF5-8E64-4241-A04E-50594B86BD2F}.Debug|Any CPU.Build.0 = Debug|Any CPU
		{2752BFF5-8E64-4241-A04E-50594B86BD2F}.Release|Any CPU.ActiveCfg = Release|Any CPU
		{2752BFF5-8E64-4241-A04E-50594B86BD2F}.Release|Any CPU.Build.0 = Release|Any CPU
		{18031DD7-7EC7-4695-BEA8-D924D9F9EC8B}.Debug|Any CPU.ActiveCfg = Debug|Any CPU
		{18031DD7-7EC7-4695-BEA8-D924D9F9EC8B}.Debug|Any CPU.Build.0 = Debug|Any CPU
		{18031DD7-7EC7-4695-BEA8-D924D9F9EC8B}.Release|Any CPU.ActiveCfg = Release|Any CPU
		{18031DD7-7EC7-4695-BEA8-D924D9F9EC8B}.Release|Any CPU.Build.0 = Release|Any CPU
	EndGlobalSection
	GlobalSection(SolutionProperties) = preSolution
		HideSolutionNode = FALSE
	EndGlobalSection
	GlobalSection(ExtensibilityGlobals) = postSolution
		SolutionGuid = {1D9F2E27-DD04-4FCF-9AFD-C4BC2D85061E}
	EndGlobalSection
EndGlobal
